# THIS IS AN AUTOGENERATED FILE. DO NOT EDIT THIS FILE DIRECTLY.
# yarn lockfile v1


vuetify@^3.0.6:
  version "3.0.6"
  resolved "https://registry.yarnpkg.com/vuetify/-/vuetify-3.0.6.tgz#83fe4fa7159d002acff9ca65cfabe4a67d64dc20"
  integrity sha512-Illtc9t8PExlKqUEIivNNMpDif4/tvn+04ZEAwrxpQAG75x6V7oUFOF1kVKAFZ2ryuLnBpscXBR85GwFBmLeMQ==
